
Microsoft Visual Studio Solution File, Format Version 12.00
# Visual Studio Version 16
VisualStudioVersion = 25.0.1706.11
MinimumVisualStudioVersion = 10.0.40219.1
Project("{FAE04EC0-301F-11D3-BF4B-00C04F79EFBC}") = "CBClone", "CBClone\CBClone.csproj", "{2B177515-3874-4846-ABFD-CA18D68D15EC}"
EndProject
Global
	GlobalSection(SolutionConfigurationPlatforms) = preSolution
		Debug|Any CPU = Debug|Any CPU
		Release|Any CPU = Release|Any CPU
	EndGlobalSection
	GlobalSection(ProjectConfigurationPlatforms) = postSolution
		{2B177515-3874-4846-ABFD-CA18D68D15EC}.Debug|Any CPU.ActiveCfg = Debug|Any CPU
		{2B177515-3874-4846-ABFD-CA18D68D15EC}.Debug|Any CPU.Build.0 = Debug|Any CPU
		{2B177515-3874-4846-ABFD-CA18D68D15EC}.Release|Any CPU.ActiveCfg = Release|Any CPU
		{2B177515-3874-4846-ABFD-CA18D68D15EC}.Release|Any CPU.Build.0 = Release|Any CPU
	EndGlobalSection
	GlobalSection(SolutionProperties) = preSolution
		HideSolutionNode = FALSE
	EndGlobalSection
	GlobalSection(ExtensibilityGlobals) = postSolution
		SolutionGuid = {5725EFE7-7AE8-4F2B-9C43-D4BCCE54615C}
	EndGlobalSection
EndGlobal
